
Microsoft Visual Studio Solution File, Format Version 12.00
# Visual Studio Version 17
VisualStudioVersion = 17.12.35707.178 d17.12
MinimumVisualStudioVersion = 10.0.40219.1
Project("{FAE04EC0-301F-11D3-BF4B-00C04F79EFBC}") = "b", "b\b.csproj", "{CEDD554C-0C59-4724-89B2-2265654F855D}"
EndProject
Global
	GlobalSection(SolutionConfigurationPlatforms) = preSolution
		Debug|Any CPU = Debug|Any CPU
		Release|Any CPU = Release|Any CPU
	EndGlobalSection
	GlobalSection(ProjectConfigurationPlatforms) = postSolution
		{CEDD554C-0C59-4724-89B2-2265654F855D}.Debug|Any CPU.ActiveCfg = Debug|Any CPU
		{CEDD554C-0C59-4724-89B2-2265654F855D}.Debug|Any CPU.Build.0 = Debug|Any CPU
		{CEDD554C-0C59-4724-89B2-2265654F855D}.Release|Any CPU.ActiveCfg = Release|Any CPU
		{CEDD554C-0C59-4724-89B2-2265654F855D}.Release|Any CPU.Build.0 = Release|Any CPU
	EndGlobalSection
	GlobalSection(SolutionProperties) = preSolution
		HideSolutionNode = FALSE
	EndGlobalSection
EndGlobal
